
Microsoft Visual Studio Solution File, Format Version 12.00
# Visual Studio Version 17
VisualStudioVersion = 17.14.36401.2 d17.14
MinimumVisualStudioVersion = 10.0.40219.1
Project("{FAE04EC0-301F-11D3-BF4B-00C04F79EFBC}") = "ApiLivraria", "ApiLivraria.csproj", "{4274AAB8-944E-4055-A75F-3261EBA95662}"
EndProject
Global
	GlobalSection(SolutionConfigurationPlatforms) = preSolution
		Debug|Any CPU = Debug|Any CPU
		Release|Any CPU = Release|Any CPU
	EndGlobalSection
	GlobalSection(ProjectConfigurationPlatforms) = postSolution
		{4274AAB8-944E-4055-A75F-3261EBA95662}.Debug|Any CPU.ActiveCfg = Debug|Any CPU
		{4274AAB8-944E-4055-A75F-3261EBA95662}.Debug|Any CPU.Build.0 = Debug|Any CPU
		{4274AAB8-944E-4055-A75F-3261EBA95662}.Release|Any CPU.ActiveCfg = Release|Any CPU
		{4274AAB8-944E-4055-A75F-3261EBA95662}.Release|Any CPU.Build.0 = Release|Any CPU
	EndGlobalSection
	GlobalSection(SolutionProperties) = preSolution
		HideSolutionNode = FALSE
	EndGlobalSection
	GlobalSection(ExtensibilityGlobals) = postSolution
		SolutionGuid = {536B9516-9CBA-47D4-86D6-9BB5B25B1EA9}
	EndGlobalSection
EndGlobal
